
Microsoft Visual Studio Solution File, Format Version 12.00
# Visual Studio Version 17
VisualStudioVersion = 17.6.33829.357
MinimumVisualStudioVersion = 10.0.40219.1
Project("{9A19103F-16F7-4668-BE54-9A1E7A4F7556}") = "TelemetryAppSeverIOT", "TelemetryAppSeverIOT\TelemetryAppSeverIOT.csproj", "{8D4E4D72-B6B2-4B4E-A0A0-32565A83F03F}"
EndProject
Global
	GlobalSection(SolutionConfigurationPlatforms) = preSolution
		Debug|Any CPU = Debug|Any CPU
		Release|Any CPU = Release|Any CPU
	EndGlobalSection
	GlobalSection(ProjectConfigurationPlatforms) = postSolution
		{8D4E4D72-B6B2-4B4E-A0A0-32565A83F03F}.Debug|Any CPU.ActiveCfg = Debug|Any CPU
		{8D4E4D72-B6B2-4B4E-A0A0-32565A83F03F}.Debug|Any CPU.Build.0 = Debug|Any CPU
		{8D4E4D72-B6B2-4B4E-A0A0-32565A83F03F}.Release|Any CPU.ActiveCfg = Release|Any CPU
		{8D4E4D72-B6B2-4B4E-A0A0-32565A83F03F}.Release|Any CPU.Build.0 = Release|Any CPU
	EndGlobalSection
	GlobalSection(SolutionProperties) = preSolution
		HideSolutionNode = FALSE
	EndGlobalSection
	GlobalSection(ExtensibilityGlobals) = postSolution
		SolutionGuid = {4D92286E-5C68-4AFA-A33E-29EBF2A9E0F6}
	EndGlobalSection
EndGlobal
